
Microsoft Visual Studio Solution File, Format Version 12.00
# Visual Studio Version 17
VisualStudioVersion = 17.12.35707.178 d17.12
MinimumVisualStudioVersion = 10.0.40219.1
Project("{FAE04EC0-301F-11D3-BF4B-00C04F79EFBC}") = "Ch7GuessingGame", "Ch7GuessingGame\Ch7GuessingGame.csproj", "{51E75841-41B7-4DB1-A2D0-FE7E4DAD6EFB}"
EndProject
Global
	GlobalSection(SolutionConfigurationPlatforms) = preSolution
		Debug|Any CPU = Debug|Any CPU
		Release|Any CPU = Release|Any CPU
	EndGlobalSection
	GlobalSection(ProjectConfigurationPlatforms) = postSolution
		{51E75841-41B7-4DB1-A2D0-FE7E4DAD6EFB}.Debug|Any CPU.ActiveCfg = Debug|Any CPU
		{51E75841-41B7-4DB1-A2D0-FE7E4DAD6EFB}.Debug|Any CPU.Build.0 = Debug|Any CPU
		{51E75841-41B7-4DB1-A2D0-FE7E4DAD6EFB}.Release|Any CPU.ActiveCfg = Release|Any CPU
		{51E75841-41B7-4DB1-A2D0-FE7E4DAD6EFB}.Release|Any CPU.Build.0 = Release|Any CPU
	EndGlobalSection
	GlobalSection(SolutionProperties) = preSolution
		HideSolutionNode = FALSE
	EndGlobalSection
EndGlobal
