Microsoft Visual Studio Solution File, Format Version 12.00
# Visual Studio Version 17
VisualStudioVersion = 17.5.2.0
MinimumVisualStudioVersion = 10.0.40219.1
Project("{FAE04EC0-301F-11D3-BF4B-00C04F79EFBC}") = "TempConverter1", "TempConverter1\TempConverter1.csproj", "{BF8DC64D-496E-6D6A-E4CD-5D4777546F73}"
EndProject
Global
	GlobalSection(SolutionConfigurationPlatforms) = preSolution
		Debug|Any CPU = Debug|Any CPU
		Release|Any CPU = Release|Any CPU
	EndGlobalSection
	GlobalSection(ProjectConfigurationPlatforms) = postSolution
		{BF8DC64D-496E-6D6A-E4CD-5D4777546F73}.Debug|Any CPU.ActiveCfg = Debug|Any CPU
		{BF8DC64D-496E-6D6A-E4CD-5D4777546F73}.Debug|Any CPU.Build.0 = Debug|Any CPU
		{BF8DC64D-496E-6D6A-E4CD-5D4777546F73}.Release|Any CPU.ActiveCfg = Release|Any CPU
		{BF8DC64D-496E-6D6A-E4CD-5D4777546F73}.Release|Any CPU.Build.0 = Release|Any CPU
	EndGlobalSection
	GlobalSection(SolutionProperties) = preSolution
		HideSolutionNode = FALSE
	EndGlobalSection
	GlobalSection(ExtensibilityGlobals) = postSolution
		SolutionGuid = {2EAF1965-4EAF-4D28-A88F-A3690B37282E}
	EndGlobalSection
EndGlobal
