
Microsoft Visual Studio Solution File, Format Version 12.00
# Visual Studio Version 17
VisualStudioVersion = 17.12.35707.178 d17.12
MinimumVisualStudioVersion = 10.0.40219.1
Project("{FAE04EC0-301F-11D3-BF4B-00C04F79EFBC}") = "RectangleCalcDemo", "RectangleCalcDemo.csproj", "{783C7C9B-56C3-4CEB-858D-FFD997A5DDC9}"
EndProject
Global
	GlobalSection(SolutionConfigurationPlatforms) = preSolution
		Debug|Any CPU = Debug|Any CPU
		Release|Any CPU = Release|Any CPU
	EndGlobalSection
	GlobalSection(ProjectConfigurationPlatforms) = postSolution
		{783C7C9B-56C3-4CEB-858D-FFD997A5DDC9}.Debug|Any CPU.ActiveCfg = Debug|Any CPU
		{783C7C9B-56C3-4CEB-858D-FFD997A5DDC9}.Debug|Any CPU.Build.0 = Debug|Any CPU
		{783C7C9B-56C3-4CEB-858D-FFD997A5DDC9}.Release|Any CPU.ActiveCfg = Release|Any CPU
		{783C7C9B-56C3-4CEB-858D-FFD997A5DDC9}.Release|Any CPU.Build.0 = Release|Any CPU
	EndGlobalSection
	GlobalSection(SolutionProperties) = preSolution
		HideSolutionNode = FALSE
	EndGlobalSection
EndGlobal
